
Microsoft Visual Studio Solution File, Format Version 12.00
# Visual Studio 14
VisualStudioVersion = 14.0.25420.1
MinimumVisualStudioVersion = 10.0.40219.1
Project("{FAE04EC0-301F-11D3-BF4B-00C04F79EFBC}") = "ex1", "ex1\ex1.csproj", "{F5AE6FD5-E1F6-4857-A843-136131DB7FF3}"
EndProject
Project("{FAE04EC0-301F-11D3-BF4B-00C04F79EFBC}") = "ex2", "ex2\ex2.csproj", "{E2BCBB75-5492-4742-9026-E1F58FB97CFB}"
EndProject
Project("{FAE04EC0-301F-11D3-BF4B-00C04F79EFBC}") = "ex3", "ex3\ex3.csproj", "{C6C9A20C-9B2A-4F66-9AB4-6A5F5101105F}"
EndProject
Project("{FAE04EC0-301F-11D3-BF4B-00C04F79EFBC}") = "ex4", "ex4\ex4.csproj", "{ABB3142E-E08B-44EB-809A-1811C8D82555}"
EndProject
Project("{FAE04EC0-301F-11D3-BF4B-00C04F79EFBC}") = "ex5", "ex5\ex5.csproj", "{CE0A51E3-F106-4865-B5CC-5A129A00F6D6}"
EndProject
Project("{FAE04EC0-301F-11D3-BF4B-00C04F79EFBC}") = "ex6", "ex6\ex6.csproj", "{5A8BB2E5-3B2A-41D1-B136-D98A416134CF}"
EndProject
Project("{FAE04EC0-301F-11D3-BF4B-00C04F79EFBC}") = "ex7", "ex7\ex7.csproj", "{292F0784-FD7C-44D3-8C69-F58038C03AA3}"
EndProject
Global
	GlobalSection(SolutionConfigurationPlatforms) = preSolution
		Debug|Any CPU = Debug|Any CPU
		Release|Any CPU = Release|Any CPU
	EndGlobalSection
	GlobalSection(ProjectConfigurationPlatforms) = postSolution
		{F5AE6FD5-E1F6-4857-A843-136131DB7FF3}.Debug|Any CPU.ActiveCfg = Debug|Any CPU
		{F5AE6FD5-E1F6-4857-A843-136131DB7FF3}.Debug|Any CPU.Build.0 = Debug|Any CPU
		{F5AE6FD5-E1F6-4857-A843-136131DB7FF3}.Release|Any CPU.ActiveCfg = Release|Any CPU
		{F5AE6FD5-E1F6-4857-A843-136131DB7FF3}.Release|Any CPU.Build.0 = Release|Any CPU
		{E2BCBB75-5492-4742-9026-E1F58FB97CFB}.Debug|Any CPU.ActiveCfg = Debug|Any CPU
		{E2BCBB75-5492-4742-9026-E1F58FB97CFB}.Debug|Any CPU.Build.0 = Debug|Any CPU
		{E2BCBB75-5492-4742-9026-E1F58FB97CFB}.Release|Any CPU.ActiveCfg = Release|Any CPU
		{E2BCBB75-5492-4742-9026-E1F58FB97CFB}.Release|Any CPU.Build.0 = Release|Any CPU
		{C6C9A20C-9B2A-4F66-9AB4-6A5F5101105F}.Debug|Any CPU.ActiveCfg = Debug|Any CPU
		{C6C9A20C-9B2A-4F66-9AB4-6A5F5101105F}.Debug|Any CPU.Build.0 = Debug|Any CPU
		{C6C9A20C-9B2A-4F66-9AB4-6A5F5101105F}.Release|Any CPU.ActiveCfg = Release|Any CPU
		{C6C9A20C-9B2A-4F66-9AB4-6A5F5101105F}.Release|Any CPU.Build.0 = Release|Any CPU
		{ABB3142E-E08B-44EB-809A-1811C8D82555}.Debug|Any CPU.ActiveCfg = Debug|Any CPU
		{ABB3142E-E08B-44EB-809A-1811C8D82555}.Debug|Any CPU.Build.0 = Debug|Any CPU
		{ABB3142E-E08B-44EB-809A-1811C8D82555}.Release|Any CPU.ActiveCfg = Release|Any CPU
		{ABB3142E-E08B-44EB-809A-1811C8D82555}.Release|Any CPU.Build.0 = Release|Any CPU
		{CE0A51E3-F106-4865-B5CC-5A129A00F6D6}.Debug|Any CPU.ActiveCfg = Debug|Any CPU
		{CE0A51E3-F106-4865-B5CC-5A129A00F6D6}.Debug|Any CPU.Build.0 = Debug|Any CPU
		{CE0A51E3-F106-4865-B5CC-5A129A00F6D6}.Release|Any CPU.ActiveCfg = Release|Any CPU
		{CE0A51E3-F106-4865-B5CC-5A129A00F6D6}.Release|Any CPU.Build.0 = Release|Any CPU
		{5A8BB2E5-3B2A-41D1-B136-D98A416134CF}.Debug|Any CPU.ActiveCfg = Debug|Any CPU
		{5A8BB2E5-3B2A-41D1-B136-D98A416134CF}.Debug|Any CPU.Build.0 = Debug|Any CPU
		{5A8BB2E5-3B2A-41D1-B136-D98A416134CF}.Release|Any CPU.ActiveCfg = Release|Any CPU
		{5A8BB2E5-3B2A-41D1-B136-D98A416134CF}.Release|Any CPU.Build.0 = Release|Any CPU
		{292F0784-FD7C-44D3-8C69-F58038C03AA3}.Debug|Any CPU.ActiveCfg = Debug|Any CPU
		{292F0784-FD7C-44D3-8C69-F58038C03AA3}.Debug|Any CPU.Build.0 = Debug|Any CPU
		{292F0784-FD7C-44D3-8C69-F58038C03AA3}.Release|Any CPU.ActiveCfg = Release|Any CPU
		{292F0784-FD7C-44D3-8C69-F58038C03AA3}.Release|Any CPU.Build.0 = Release|Any CPU
	EndGlobalSection
	GlobalSection(SolutionProperties) = preSolution
		HideSolutionNode = FALSE
	EndGlobalSection
EndGlobal
