
Microsoft Visual Studio Solution File, Format Version 12.00
# Visual Studio 2013
VisualStudioVersion = 12.0.30501.0
MinimumVisualStudioVersion = 10.0.40219.1
Project("{FAE04EC0-301F-11D3-BF4B-00C04F79EFBC}") = "02-trackChanges", "02-trackChanges\02-trackChanges.csproj", "{B3ADB659-671B-4334-A221-4023A5D12163}"
EndProject
Global
	GlobalSection(SolutionConfigurationPlatforms) = preSolution
		Debug|Any CPU = Debug|Any CPU
		Release|Any CPU = Release|Any CPU
	EndGlobalSection
	GlobalSection(ProjectConfigurationPlatforms) = postSolution
		{B3ADB659-671B-4334-A221-4023A5D12163}.Debug|Any CPU.ActiveCfg = Debug|Any CPU
		{B3ADB659-671B-4334-A221-4023A5D12163}.Debug|Any CPU.Build.0 = Debug|Any CPU
		{B3ADB659-671B-4334-A221-4023A5D12163}.Release|Any CPU.ActiveCfg = Release|Any CPU
		{B3ADB659-671B-4334-A221-4023A5D12163}.Release|Any CPU.Build.0 = Release|Any CPU
	EndGlobalSection
	GlobalSection(SolutionProperties) = preSolution
		HideSolutionNode = FALSE
	EndGlobalSection
EndGlobal
